
Microsoft Visual Studio Solution File, Format Version 12.00
# Visual Studio 15
VisualStudioVersion = 15.0.28010.2048
MinimumVisualStudioVersion = 10.0.40219.1
Project("{FAE04EC0-301F-11D3-BF4B-00C04F79EFBC}") = "WebesTodoAppPractice", "WebesTodoAppPractice\WebesTodoAppPractice.csproj", "{6CDF1CAA-A311-4B5D-A3F5-18F3BF36ABE4}"
EndProject
Global
	GlobalSection(SolutionConfigurationPlatforms) = preSolution
		Debug|Any CPU = Debug|Any CPU
		Release|Any CPU = Release|Any CPU
	EndGlobalSection
	GlobalSection(ProjectConfigurationPlatforms) = postSolution
		{6CDF1CAA-A311-4B5D-A3F5-18F3BF36ABE4}.Debug|Any CPU.ActiveCfg = Debug|Any CPU
		{6CDF1CAA-A311-4B5D-A3F5-18F3BF36ABE4}.Debug|Any CPU.Build.0 = Debug|Any CPU
		{6CDF1CAA-A311-4B5D-A3F5-18F3BF36ABE4}.Release|Any CPU.ActiveCfg = Release|Any CPU
		{6CDF1CAA-A311-4B5D-A3F5-18F3BF36ABE4}.Release|Any CPU.Build.0 = Release|Any CPU
	EndGlobalSection
	GlobalSection(SolutionProperties) = preSolution
		HideSolutionNode = FALSE
	EndGlobalSection
	GlobalSection(ExtensibilityGlobals) = postSolution
		SolutionGuid = {8629DFF2-879A-493E-9C95-57F8790E1B5B}
	EndGlobalSection
EndGlobal
